
Microsoft Visual Studio Solution File, Format Version 12.00
# Visual Studio 15
Project("{FAE04EC0-301F-11D3-BF4B-00C04F79EFBC}") = "Assembly-CSharp", "Assembly-CSharp.csproj", "{18584F9A-ED0D-FE76-91BE-FE6365975F48}"
EndProject
Project("{FAE04EC0-301F-11D3-BF4B-00C04F79EFBC}") = "Assembly-CSharp-Editor", "Assembly-CSharp-Editor.csproj", "{613C1F22-DC61-8079-218A-3AFD2D8AECAC}"
EndProject
Global
	GlobalSection(SolutionConfigurationPlatforms) = preSolution
		Debug|Any CPU = Debug|Any CPU
		Release|Any CPU = Release|Any CPU
	EndGlobalSection
	GlobalSection(ProjectConfigurationPlatforms) = postSolution
		{18584F9A-ED0D-FE76-91BE-FE6365975F48}.Debug|Any CPU.ActiveCfg = Debug|Any CPU
		{18584F9A-ED0D-FE76-91BE-FE6365975F48}.Debug|Any CPU.Build.0 = Debug|Any CPU
		{18584F9A-ED0D-FE76-91BE-FE6365975F48}.Release|Any CPU.ActiveCfg = Release|Any CPU
		{18584F9A-ED0D-FE76-91BE-FE6365975F48}.Release|Any CPU.Build.0 = Release|Any CPU
		{613C1F22-DC61-8079-218A-3AFD2D8AECAC}.Debug|Any CPU.ActiveCfg = Debug|Any CPU
		{613C1F22-DC61-8079-218A-3AFD2D8AECAC}.Debug|Any CPU.Build.0 = Debug|Any CPU
		{613C1F22-DC61-8079-218A-3AFD2D8AECAC}.Release|Any CPU.ActiveCfg = Release|Any CPU
		{613C1F22-DC61-8079-218A-3AFD2D8AECAC}.Release|Any CPU.Build.0 = Release|Any CPU
	EndGlobalSection
	GlobalSection(SolutionProperties) = preSolution
		HideSolutionNode = FALSE
	EndGlobalSection
EndGlobal
